// !$*UTF8*$!
{
	archiveVersion = 1;
	classes = {
	};
	objectVersion = 46;
	objects = {

/* Begin PBXBuildFile section */
		9719B9511D83B4DE00539919 /* main.m in Sources */ = {isa = PBXBuildFile; fileRef = 9719B9501D83B4DE00539919 /* main.m */; };
		9719B9541D83B4DE00539919 /* AppDelegate.m in Sources */ = {isa = PBXBuildFile; fileRef = 9719B9531D83B4DE00539919 /* AppDelegate.m */; };
		9719B9571D83B4DE00539919 /* ViewController.m in Sources */ = {isa = PBXBuildFile; fileRef = 9719B9561D83B4DE00539919 /* ViewController.m */; };
		9719B95C1D83B4DE00539919 /* Assets.xcassets in Resources */ = {isa = PBXBuildFile; fileRef = 9719B95B1D83B4DE00539919 /* Assets.xcassets */; };
		9719B95F1D83B4DE00539919 /* LaunchScreen.storyboard in Resources */ = {isa = PBXBuildFile; fileRef = 9719B95D1D83B4DE00539919 /* LaunchScreen.storyboard */; };
		9719B96A1D83B4DE00539919 /* ScanCodeTests.m in Sources */ = {isa = PBXBuildFile; fileRef = 9719B9691D83B4DE00539919 /* ScanCodeTests.m */; };
		9719B9761D83DCCF00539919 /* ScanCode.m in Sources */ = {isa = PBXBuildFile; fileRef = 9719B9751D83DCCF00539919 /* ScanCode.m */; };
		9719B9791D83E19900539919 /* ScanCodeViewController.m in Sources */ = {isa = PBXBuildFile; fileRef = 9719B9781D83E19900539919 /* ScanCodeViewController.m */; };
		9719B97C1D840DDB00539919 /* Main.storyboard in Resources */ = {isa = PBXBuildFile; fileRef = 9719B97A1D840DDB00539919 /* Main.storyboard */; };
		97A88DEC1D86ABD400FA99E1 /* ScanCode.bundle in Resources */ = {isa = PBXBuildFile; fileRef = 97A88DEB1D86ABD400FA99E1 /* ScanCode.bundle */; };
/* End PBXBuildFile section */

/* Begin PBXContainerItemProxy section */
		9719B9661D83B4DE00539919 /* PBXContainerItemProxy */ = {
			isa = PBXContainerItemProxy;
			containerPortal = 9719B9441D83B4DE00539919 /* Project object */;
			proxyType = 1;
			remoteGlobalIDString = 9719B94B1D83B4DE00539919;
			remoteInfo = ScanCode;
		};
/* End PBXContainerItemProxy section */

/* Begin PBXFileReference section */
		9719B94C1D83B4DE00539919 /* ScanCode.app */ = {isa = PBXFileReference; explicitFileType = wrapper.application; includeInIndex = 0; path = ScanCode.app; sourceTree = BUILT_PRODUCTS_DIR; };
		9719B9501D83B4DE00539919 /* main.m */ = {isa = PBXFileReference; lastKnownFileType = sourcecode.c.objc; path = main.m; sourceTree = "<group>"; };
		9719B9521D83B4DE00539919 /* AppDelegate.h */ = {isa = PBXFileReference; lastKnownFileType = sourcecode.c.h; path = AppDelegate.h; sourceTree = "<group>"; };
		9719B9531D83B4DE00539919 /* AppDelegate.m */ = {isa = PBXFileReference; lastKnownFileType = sourcecode.c.objc; path = AppDelegate.m; sourceTree = "<group>"; };
		9719B9551D83B4DE00539919 /* ViewController.h */ = {isa = PBXFileReference; lastKnownFileType = sourcecode.c.h; path = ViewController.h; sourceTree = "<group>"; };
		9719B9561D83B4DE00539919 /* ViewController.m */ = {isa = PBXFileReference; lastKnownFileType = sourcecode.c.objc; path = ViewController.m; sourceTree = "<group>"; };
		9719B95B1D83B4DE00539919 /* Assets.xcassets */ = {isa = PBXFileReference; lastKnownFileType = folder.assetcatalog; path = Assets.xcassets; sourceTree = "<group>"; };
		9719B95E1D83B4DE00539919 /* Base */ = {isa = PBXFileReference; lastKnownFileType = file.storyboard; name = Base; path = Base.lproj/LaunchScreen.storyboard; sourceTree = "<group>"; };
		9719B9601D83B4DE00539919 /* Info.plist */ = {isa = PBXFileReference; lastKnownFileType = text.plist.xml; path = Info.plist; sourceTree = "<group>"; };
		9719B9651D83B4DE00539919 /* ScanCodeTests.xctest */ = {isa = PBXFileReference; explicitFileType = wrapper.cfbundle; includeInIndex = 0; path = ScanCodeTests.xctest; sourceTree = BUILT_PRODUCTS_DIR; };
		9719B9691D83B4DE00539919 /* ScanCodeTests.m */ = {isa = PBXFileReference; lastKnownFileType = sourcecode.c.objc; path = ScanCodeTests.m; sourceTree = "<group>"; };
		9719B96B1D83B4DE00539919 /* Info.plist */ = {isa = PBXFileReference; lastKnownFileType = text.plist.xml; path = Info.plist; sourceTree = "<group>"; };
		9719B9741D83DCCF00539919 /* ScanCode.h */ = {isa = PBXFileReference; fileEncoding = 4; lastKnownFileType = sourcecode.c.h; path = ScanCode.h; sourceTree = "<group>"; };
		9719B9751D83DCCF00539919 /* ScanCode.m */ = {isa = PBXFileReference; fileEncoding = 4; lastKnownFileType = sourcecode.c.objc; path = ScanCode.m; sourceTree = "<group>"; };
		9719B9771D83E19900539919 /* ScanCodeViewController.h */ = {isa = PBXFileReference; fileEncoding = 4; lastKnownFileType = sourcecode.c.h; path = ScanCodeViewController.h; sourceTree = "<group>"; };
		9719B9781D83E19900539919 /* ScanCodeViewController.m */ = {isa = PBXFileReference; fileEncoding = 4; lastKnownFileType = sourcecode.c.objc; path = ScanCodeViewController.m; sourceTree = "<group>"; };
		9719B97B1D840DDB00539919 /* Base */ = {isa = PBXFileReference; lastKnownFileType = file.storyboard; name = Base; path = Base.lproj/Main.storyboard; sourceTree = "<group>"; };
		97A88DEB1D86ABD400FA99E1 /* ScanCode.bundle */ = {isa = PBXFileReference; lastKnownFileType = "wrapper.plug-in"; path = ScanCode.bundle; sourceTree = "<group>"; };
/* End PBXFileReference section */

/* Begin PBXFrameworksBuildPhase section */
		9719B9491D83B4DE00539919 /* Frameworks */ = {
			isa = PBXFrameworksBuildPhase;
			buildActionMask = 2147483647;
			files = (
			);
			runOnlyForDeploymentPostprocessing = 0;
		};
		9719B9621D83B4DE00539919 /* Frameworks */ = {
			isa = PBXFrameworksBuildPhase;
			buildActionMask = 2147483647;
			files = (
			);
			runOnlyForDeploymentPostprocessing = 0;
		};
/* End PBXFrameworksBuildPhase section */

/* Begin PBXGroup section */
		9719B9431D83B4DE00539919 = {
			isa = PBXGroup;
			children = (
				9719B94E1D83B4DE00539919 /* ScanCode */,
				9719B9681D83B4DE00539919 /* ScanCodeTests */,
				9719B94D1D83B4DE00539919 /* Products */,
			);
			sourceTree = "<group>";
		};
		9719B94D1D83B4DE00539919 /* Products */ = {
			isa = PBXGroup;
			children = (
				9719B94C1D83B4DE00539919 /* ScanCode.app */,
				9719B9651D83B4DE00539919 /* ScanCodeTests.xctest */,
			);
			name = Products;
			sourceTree = "<group>";
		};
		9719B94E1D83B4DE00539919 /* ScanCode */ = {
			isa = PBXGroup;
			children = (
				9719B9521D83B4DE00539919 /* AppDelegate.h */,
				9719B9531D83B4DE00539919 /* AppDelegate.m */,
				9719B9551D83B4DE00539919 /* ViewController.h */,
				9719B9561D83B4DE00539919 /* ViewController.m */,
				9719B97A1D840DDB00539919 /* Main.storyboard */,
				9719B95B1D83B4DE00539919 /* Assets.xcassets */,
				9719B95D1D83B4DE00539919 /* LaunchScreen.storyboard */,
				9719B9601D83B4DE00539919 /* Info.plist */,
				9719B94F1D83B4DE00539919 /* Supporting Files */,
				9719B9741D83DCCF00539919 /* ScanCode.h */,
				9719B9751D83DCCF00539919 /* ScanCode.m */,
				9719B9771D83E19900539919 /* ScanCodeViewController.h */,
				9719B9781D83E19900539919 /* ScanCodeViewController.m */,
				97A88DEB1D86ABD400FA99E1 /* ScanCode.bundle */,
			);
			path = ScanCode;
			sourceTree = "<group>";
		};
		9719B94F1D83B4DE00539919 /* Supporting Files */ = {
			isa = PBXGroup;
			children = (
				9719B9501D83B4DE00539919 /* main.m */,
			);
			name = "Supporting Files";
			sourceTree = "<group>";
		};
		9719B9681D83B4DE00539919 /* ScanCodeTests */ = {
			isa = PBXGroup;
			children = (
				9719B9691D83B4DE00539919 /* ScanCodeTests.m */,
				9719B96B1D83B4DE00539919 /* Info.plist */,
			);
			path = ScanCodeTests;
			sourceTree = "<group>";
		};
/* End PBXGroup section */

/* Begin PBXNativeTarget section */
		9719B94B1D83B4DE00539919 /* ScanCode */ = {
			isa = PBXNativeTarget;
			buildConfigurationList = 9719B96E1D83B4DE00539919 /* Build configuration list for PBXNativeTarget "ScanCode" */;
			buildPhases = (
				9719B9481D83B4DE00539919 /* Sources */,
				9719B9491D83B4DE00539919 /* Frameworks */,
				9719B94A1D83B4DE00539919 /* Resources */,
			);
			buildRules = (
			);
			dependencies = (
			);
			name = ScanCode;
			productName = ScanCode;
			productReference = 9719B94C1D83B4DE00539919 /* ScanCode.app */;
			productType = "com.apple.product-type.application";
		};
		9719B9641D83B4DE00539919 /* ScanCodeTests */ = {
			isa = PBXNativeTarget;
			buildConfigurationList = 9719B9711D83B4DE00539919 /* Build configuration list for PBXNativeTarget "ScanCodeTests" */;
			buildPhases = (
				9719B9611D83B4DE00539919 /* Sources */,
				9719B9621D83B4DE00539919 /* Frameworks */,
				9719B9631D83B4DE00539919 /* Resources */,
			);
			buildRules = (
			);
			dependencies = (
				9719B9671D83B4DE00539919 /* PBXTargetDependency */,
			);
			name = ScanCodeTests;
			productName = ScanCodeTests;
			productReference = 9719B9651D83B4DE00539919 /* ScanCodeTests.xctest */;
			productType = "com.apple.product-type.bundle.unit-test";
		};
/* End PBXNativeTarget section */

/* Begin PBXProject section */
		9719B9441D83B4DE00539919 /* Project object */ = {
			isa = PBXProject;
			attributes = {
				LastUpgradeCheck = 0730;
				ORGANIZATIONNAME = liguangjian;
				TargetAttributes = {
					9719B94B1D83B4DE00539919 = {
						CreatedOnToolsVersion = 7.3.1;
					};
					9719B9641D83B4DE00539919 = {
						CreatedOnToolsVersion = 7.3.1;
						TestTargetID = 9719B94B1D83B4DE00539919;
					};
				};
			};
			buildConfigurationList = 9719B9471D83B4DE00539919 /* Build configuration list for PBXProject "ScanCode" */;
			compatibilityVersion = "Xcode 3.2";
			developmentRegion = English;
			hasScannedForEncodings = 0;
			knownRegions = (
				en,
				Base,
			);
			mainGroup = 9719B9431D83B4DE00539919;
			productRefGroup = 9719B94D1D83B4DE00539919 /* Products */;
			projectDirPath = "";
			projectRoot = "";
			targets = (
				9719B94B1D83B4DE00539919 /* ScanCode */,
				9719B9641D83B4DE00539919 /* ScanCodeTests */,
			);
		};
/* End PBXProject section */

/* Begin PBXResourcesBuildPhase section */
		9719B94A1D83B4DE00539919 /* Resources */ = {
			isa = PBXResourcesBuildPhase;
			buildActionMask = 2147483647;
			files = (
				9719B97C1D840DDB00539919 /* Main.storyboard in Resources */,
				9719B95F1D83B4DE00539919 /* LaunchScreen.storyboard in Resources */,
				9719B95C1D83B4DE00539919 /* Assets.xcassets in Resources */,
				97A88DEC1D86ABD400FA99E1 /* ScanCode.bundle in Resources */,
			);
			runOnlyForDeploymentPostprocessing = 0;
		};
		9719B9631D83B4DE00539919 /* Resources */ = {
			isa = PBXResourcesBuildPhase;
			buildActionMask = 2147483647;
			files = (
			);
			runOnlyForDeploymentPostprocessing = 0;
		};
/* End PBXResourcesBuildPhase section */

/* Begin PBXSourcesBuildPhase section */
		9719B9481D83B4DE00539919 /* Sources */ = {
			isa = PBXSourcesBuildPhase;
			buildActionMask = 2147483647;
			files = (
				9719B9571D83B4DE00539919 /* ViewController.m in Sources */,
				9719B9761D83DCCF00539919 /* ScanCode.m in Sources */,
				9719B9791D83E19900539919 /* ScanCodeViewController.m in Sources */,
				9719B9541D83B4DE00539919 /* AppDelegate.m in Sources */,
				9719B9511D83B4DE00539919 /* main.m in Sources */,
			);
			runOnlyForDeploymentPostprocessing = 0;
		};
		9719B9611D83B4DE00539919 /* Sources */ = {
			isa = PBXSourcesBuildPhase;
			buildActionMask = 2147483647;
			files = (
				9719B96A1D83B4DE00539919 /* ScanCodeTests.m in Sources */,
			);
			runOnlyForDeploymentPostprocessing = 0;
		};
/* End PBXSourcesBuildPhase section */

/* Begin PBXTargetDependency section */
		9719B9671D83B4DE00539919 /* PBXTargetDependency */ = {
			isa = PBXTargetDependency;
			target = 9719B94B1D83B4DE00539919 /* ScanCode */;
			targetProxy = 9719B9661D83B4DE00539919 /* PBXContainerItemProxy */;
		};
/* End PBXTargetDependency section */

/* Begin PBXVariantGroup section */
		9719B95D1D83B4DE00539919 /* LaunchScreen.storyboard */ = {
			isa = PBXVariantGroup;
			children = (
				9719B95E1D83B4DE00539919 /* Base */,
			);
			name = LaunchScreen.storyboard;
			sourceTree = "<group>";
		};
		9719B97A1D840DDB00539919 /* Main.storyboard */ = {
			isa = PBXVariantGroup;
			children = (
				9719B97B1D840DDB00539919 /* Base */,
			);
			name = Main.storyboard;
			sourceTree = "<group>";
		};
/* End PBXVariantGroup section */

/* Begin XCBuildConfiguration section */
		9719B96C1D83B4DE00539919 /* Debug */ = {
			isa = XCBuildConfiguration;
			buildSettings = {
				ALWAYS_SEARCH_USER_PATHS = NO;
				CLANG_ANALYZER_NONNULL = YES;
				CLANG_CXX_LANGUAGE_STANDARD = "gnu++0x";
				CLANG_CXX_LIBRARY = "libc++";
				CLANG_ENABLE_MODULES = YES;
				CLANG_ENABLE_OBJC_ARC = YES;
				CLANG_WARN_BOOL_CONVERSION = YES;
				CLANG_WARN_CONSTANT_CONVERSION = YES;
				CLANG_WARN_DIRECT_OBJC_ISA_USAGE = YES_ERROR;
				CLANG_WARN_EMPTY_BODY = YES;
				CLANG_WARN_ENUM_CONVERSION = YES;
				CLANG_WARN_INT_CONVERSION = YES;
				CLANG_WARN_OBJC_ROOT_CLASS = YES_ERROR;
				CLANG_WARN_UNREACHABLE_CODE = YES;
				CLANG_WARN__DUPLICATE_METHOD_MATCH = YES;
				"CODE_SIGN_IDENTITY[sdk=iphoneos*]" = "iPhone Developer";
				COPY_PHASE_STRIP = NO;
				DEBUG_INFORMATION_FORMAT = dwarf;
				ENABLE_STRICT_OBJC_MSGSEND = YES;
				ENABLE_TESTABILITY = YES;
				GCC_C_LANGUAGE_STANDARD = gnu99;
				GCC_DYNAMIC_NO_PIC = NO;
				GCC_NO_COMMON_BLOCKS = YES;
				GCC_OPTIMIZATION_LEVEL = 0;
				GCC_PREPROCESSOR_DEFINITIONS = (
					"DEBUG=1",
					"$(inherited)",
				);
				GCC_WARN_64_TO_32_BIT_CONVERSION = YES;
				GCC_WARN_ABOUT_RETURN_TYPE = YES_ERROR;
				GCC_WARN_UNDECLARED_SELECTOR = YES;
				GCC_WARN_UNINITIALIZED_AUTOS = YES_AGGRESSIVE;
				GCC_WARN_UNUSED_FUNCTION = YES;
				GCC_WARN_UNUSED_VARIABLE = YES;
				IPHONEOS_DEPLOYMENT_TARGET = 9.3;
				MTL_ENABLE_DEBUG_INFO = YES;
				ONLY_ACTIVE_ARCH = YES;
				SDKROOT = iphoneos;
			};
			name = Debug;
		};
		9719B96D1D83B4DE00539919 /* Release */ = {
			isa = XCBuildConfiguration;
			buildSettings = {
				ALWAYS_SEARCH_USER_PATHS = NO;
				CLANG_ANALYZER_NONNULL = YES;
				CLANG_CXX_LANGUAGE_STANDARD = "gnu++0x";
				CLANG_CXX_LIBRARY = "libc++";
				CLANG_ENABLE_MODULES = YES;
				CLANG_ENABLE_OBJC_ARC = YES;
				CLANG_WARN_BOOL_CONVERSION = YES;
				CLANG_WARN_CONSTANT_CONVERSION = YES;
				CLANG_WARN_DIRECT_OBJC_ISA_USAGE = YES_ERROR;
				CLANG_WARN_EMPTY_BODY = YES;
				CLANG_WARN_ENUM_CONVERSION = YES;
				CLANG_WARN_INT_CONVERSION = YES;
				CLANG_WARN_OBJC_ROOT_CLASS = YES_ERROR;
				CLANG_WARN_UNREACHABLE_CODE = YES;
				CLANG_WARN__DUPLICATE_METHOD_MATCH = YES;
				"CODE_SIGN_IDENTITY[sdk=iphoneos*]" = "iPhone Developer";
				COPY_PHASE_STRIP = NO;
				DEBUG_INFORMATION_FORMAT = "dwarf-with-dsym";
				ENABLE_NS_ASSERTIONS = NO;
				ENABLE_STRICT_OBJC_MSGSEND = YES;
				GCC_C_LANGUAGE_STANDARD = gnu99;
				GCC_NO_COMMON_BLOCKS = YES;
				GCC_WARN_64_TO_32_BIT_CONVERSION = YES;
				GCC_WARN_ABOUT_RETURN_TYPE = YES_ERROR;
				GCC_WARN_UNDECLARED_SELECTOR = YES;
				GCC_WARN_UNINITIALIZED_AUTOS = YES_AGGRESSIVE;
				GCC_WARN_UNUSED_FUNCTION = YES;
				GCC_WARN_UNUSED_VARIABLE = YES;
				IPHONEOS_DEPLOYMENT_TARGET = 9.3;
				MTL_ENABLE_DEBUG_INFO = NO;
				SDKROOT = iphoneos;
				VALIDATE_PRODUCT = YES;
			};
			name = Release;
		};
		9719B96F1D83B4DE00539919 /* Debug */ = {
			isa = XCBuildConfiguration;
			buildSettings = {
				ASSETCATALOG_COMPILER_APPICON_NAME = AppIcon;
				INFOPLIST_FILE = ScanCode/Info.plist;
				IPHONEOS_DEPLOYMENT_TARGET = 8.0;
				LD_RUNPATH_SEARCH_PATHS = "$(inherited) @executable_path/Frameworks";
				PRODUCT_BUNDLE_IDENTIFIER = lianluo.ScanCode;
				PRODUCT_NAME = "$(TARGET_NAME)";
			};
			name = Debug;
		};
		9719B9701D83B4DE00539919 /* Release */ = {
			isa = XCBuildConfiguration;
			buildSettings = {
				ASSETCATALOG_COMPILER_APPICON_NAME = AppIcon;
				INFOPLIST_FILE = ScanCode/Info.plist;
				IPHONEOS_DEPLOYMENT_TARGET = 8.0;
				LD_RUNPATH_SEARCH_PATHS = "$(inherited) @executable_path/Frameworks";
				PRODUCT_BUNDLE_IDENTIFIER = lianluo.ScanCode;
				PRODUCT_NAME = "$(TARGET_NAME)";
			};
			name = Release;
		};
		9719B9721D83B4DE00539919 /* Debug */ = {
			isa = XCBuildConfiguration;
			buildSettings = {
				BUNDLE_LOADER = "$(TEST_HOST)";
				INFOPLIST_FILE = ScanCodeTests/Info.plist;
				LD_RUNPATH_SEARCH_PATHS = "$(inherited) @executable_path/Frameworks @loader_path/Frameworks";
				PRODUCT_BUNDLE_IDENTIFIER = lianluo.ScanCodeTests;
				PRODUCT_NAME = "$(TARGET_NAME)";
				TEST_HOST = "$(BUILT_PRODUCTS_DIR)/ScanCode.app/ScanCode";
			};
			name = Debug;
		};
		9719B9731D83B4DE00539919 /* Release */ = {
			isa = XCBuildConfiguration;
			buildSettings = {
				BUNDLE_LOADER = "$(TEST_HOST)";
				INFOPLIST_FILE = ScanCodeTests/Info.plist;
				LD_RUNPATH_SEARCH_PATHS = "$(inherited) @executable_path/Frameworks @loader_path/Frameworks";
				PRODUCT_BUNDLE_IDENTIFIER = lianluo.ScanCodeTests;
				PRODUCT_NAME = "$(TARGET_NAME)";
				TEST_HOST = "$(BUILT_PRODUCTS_DIR)/ScanCode.app/ScanCode";
			};
			name = Release;
		};
/* End XCBuildConfiguration section */

/* Begin XCConfigurationList section */
		9719B9471D83B4DE00539919 /* Build configuration list for PBXProject "ScanCode" */ = {
			isa = XCConfigurationList;
			buildConfigurations = (
				9719B96C1D83B4DE00539919 /* Debug */,
				9719B96D1D83B4DE00539919 /* Release */,
			);
			defaultConfigurationIsVisible = 0;
			defaultConfigurationName = Release;
		};
		9719B96E1D83B4DE00539919 /* Build configuration list for PBXNativeTarget "ScanCode" */ = {
			isa = XCConfigurationList;
			buildConfigurations = (
				9719B96F1D83B4DE00539919 /* Debug */,
				9719B9701D83B4DE00539919 /* Release */,
			);
			defaultConfigurationIsVisible = 0;
			defaultConfigurationName = Release;
		};
		9719B9711D83B4DE00539919 /* Build configuration list for PBXNativeTarget "ScanCodeTests" */ = {
			isa = XCConfigurationList;
			buildConfigurations = (
				9719B9721D83B4DE00539919 /* Debug */,
				9719B9731D83B4DE00539919 /* Release */,
			);
			defaultConfigurationIsVisible = 0;
			defaultConfigurationName = Release;
		};
/* End XCConfigurationList section */
	};
	rootObject = 9719B9441D83B4DE00539919 /* Project object */;
}
